
Microsoft Visual Studio Solution File, Format Version 12.00
# Visual Studio 15
VisualStudioVersion = 15.0.28307.168
MinimumVisualStudioVersion = 10.0.40219.1
Project("{FAE04EC0-301F-11D3-BF4B-00C04F79EFBC}") = "WebDemoMilja", "WebDemoMilja\WebDemoMilja.csproj", "{2F12633A-F6D4-407E-9DFC-262B474CA781}"
EndProject
Global
	GlobalSection(SolutionConfigurationPlatforms) = preSolution
		Debug|Any CPU = Debug|Any CPU
		Release|Any CPU = Release|Any CPU
	EndGlobalSection
	GlobalSection(ProjectConfigurationPlatforms) = postSolution
		{2F12633A-F6D4-407E-9DFC-262B474CA781}.Debug|Any CPU.ActiveCfg = Debug|Any CPU
		{2F12633A-F6D4-407E-9DFC-262B474CA781}.Debug|Any CPU.Build.0 = Debug|Any CPU
		{2F12633A-F6D4-407E-9DFC-262B474CA781}.Release|Any CPU.ActiveCfg = Release|Any CPU
		{2F12633A-F6D4-407E-9DFC-262B474CA781}.Release|Any CPU.Build.0 = Release|Any CPU
	EndGlobalSection
	GlobalSection(SolutionProperties) = preSolution
		HideSolutionNode = FALSE
	EndGlobalSection
	GlobalSection(ExtensibilityGlobals) = postSolution
		SolutionGuid = {BE055979-1797-4D88-9095-FE4E8D6962E9}
	EndGlobalSection
EndGlobal
